// !$*UTF8*$!
{
	archiveVersion = 1;
	classes = {
	};
	objectVersion = 56;
	objects = {

/* Begin PBXBuildFile section */
		333B45012BA0A55900CBB203 /* StartView.swift in Sources */ = {isa = PBXBuildFile; fileRef = 333B45002BA0A55900CBB203 /* StartView.swift */; };
		33416B9A2B9F703300CCF98C /* MemoryMatchGameApp.swift in Sources */ = {isa = PBXBuildFile; fileRef = 33416B992B9F703300CCF98C /* MemoryMatchGameApp.swift */; };
		33416B9C2B9F703300CCF98C /* ContentView.swift in Sources */ = {isa = PBXBuildFile; fileRef = 33416B9B2B9F703300CCF98C /* ContentView.swift */; };
		33416B9E2B9F703500CCF98C /* Assets.xcassets in Resources */ = {isa = PBXBuildFile; fileRef = 33416B9D2B9F703500CCF98C /* Assets.xcassets */; };
		33416BA12B9F703500CCF98C /* Preview Assets.xcassets in Resources */ = {isa = PBXBuildFile; fileRef = 33416BA02B9F703500CCF98C /* Preview Assets.xcassets */; };
		33F57F2E2BA205C1000FEB3C /* FinishView.swift in Sources */ = {isa = PBXBuildFile; fileRef = 33F57F2D2BA205C1000FEB3C /* FinishView.swift */; };
		33F57F302BA20696000FEB3C /* EmojiCard.swift in Sources */ = {isa = PBXBuildFile; fileRef = 33F57F2F2BA20696000FEB3C /* EmojiCard.swift */; };
/* End PBXBuildFile section */

/* Begin PBXFileReference section */
		333B45002BA0A55900CBB203 /* StartView.swift */ = {isa = PBXFileReference; lastKnownFileType = sourcecode.swift; path = StartView.swift; sourceTree = "<group>"; };
		33416B962B9F703300CCF98C /* MemoryMatchGame.app */ = {isa = PBXFileReference; explicitFileType = wrapper.application; includeInIndex = 0; path = MemoryMatchGame.app; sourceTree = BUILT_PRODUCTS_DIR; };
		33416B992B9F703300CCF98C /* MemoryMatchGameApp.swift */ = {isa = PBXFileReference; lastKnownFileType = sourcecode.swift; path = MemoryMatchGameApp.swift; sourceTree = "<group>"; };
		33416B9B2B9F703300CCF98C /* ContentView.swift */ = {isa = PBXFileReference; lastKnownFileType = sourcecode.swift; path = ContentView.swift; sourceTree = "<group>"; };
		33416B9D2B9F703500CCF98C /* Assets.xcassets */ = {isa = PBXFileReference; lastKnownFileType = folder.assetcatalog; path = Assets.xcassets; sourceTree = "<group>"; };
		33416BA02B9F703500CCF98C /* Preview Assets.xcassets */ = {isa = PBXFileReference; lastKnownFileType = folder.assetcatalog; path = "Preview Assets.xcassets"; sourceTree = "<group>"; };
		33A35DDC2BA9F5CB003289CB /* Assistant-VariableFont_wght.ttf */ = {isa = PBXFileReference; lastKnownFileType = file; name = "Assistant-VariableFont_wght.ttf"; path = "../../../../../../Downloads/Assistant (1)/Assistant-VariableFont_wght.ttf"; sourceTree = "<group>"; };
		33A35DDD2BA9F5D9003289CB /* Assistant-Regular.ttf */ = {isa = PBXFileReference; lastKnownFileType = file; path = "Assistant-Regular.ttf"; sourceTree = "<group>"; };
		33A35DDE2BA9F5D9003289CB /* Assistant-ExtraBold.ttf */ = {isa = PBXFileReference; lastKnownFileType = file; path = "Assistant-ExtraBold.ttf"; sourceTree = "<group>"; };
		33A35DDF2BA9F5DA003289CB /* Assistant-Bold.ttf */ = {isa = PBXFileReference; lastKnownFileType = file; path = "Assistant-Bold.ttf"; sourceTree = "<group>"; };
		33A35DE02BA9F5DA003289CB /* Assistant-ExtraLight.ttf */ = {isa = PBXFileReference; lastKnownFileType = file; path = "Assistant-ExtraLight.ttf"; sourceTree = "<group>"; };
		33A35DE12BA9F5DA003289CB /* Assistant-SemiBold.ttf */ = {isa = PBXFileReference; lastKnownFileType = file; path = "Assistant-SemiBold.ttf"; sourceTree = "<group>"; };
		33A35DE22BA9F5DA003289CB /* Assistant-Light.ttf */ = {isa = PBXFileReference; lastKnownFileType = file; path = "Assistant-Light.ttf"; sourceTree = "<group>"; };
		33A35DE32BA9F5DA003289CB /* Assistant-Medium.ttf */ = {isa = PBXFileReference; lastKnownFileType = file; path = "Assistant-Medium.ttf"; sourceTree = "<group>"; };
		33A35DE42BA9F623003289CB /* Info.plist */ = {isa = PBXFileReference; lastKnownFileType = text.plist; path = Info.plist; sourceTree = "<group>"; };
		33F57F2D2BA205C1000FEB3C /* FinishView.swift */ = {isa = PBXFileReference; lastKnownFileType = sourcecode.swift; path = FinishView.swift; sourceTree = "<group>"; };
		33F57F2F2BA20696000FEB3C /* EmojiCard.swift */ = {isa = PBXFileReference; lastKnownFileType = sourcecode.swift; path = EmojiCard.swift; sourceTree = "<group>"; };
/* End PBXFileReference section */

/* Begin PBXFrameworksBuildPhase section */
		33416B932B9F703300CCF98C /* Frameworks */ = {
			isa = PBXFrameworksBuildPhase;
			buildActionMask = 2147483647;
			files = (
			);
			runOnlyForDeploymentPostprocessing = 0;
		};
/* End PBXFrameworksBuildPhase section */

/* Begin PBXGroup section */
		33416B8D2B9F703300CCF98C = {
			isa = PBXGroup;
			children = (
				33416B982B9F703300CCF98C /* MemoryMatchGame */,
				33416B972B9F703300CCF98C /* Products */,
			);
			sourceTree = "<group>";
		};
		33416B972B9F703300CCF98C /* Products */ = {
			isa = PBXGroup;
			children = (
				33416B962B9F703300CCF98C /* MemoryMatchGame.app */,
			);
			name = Products;
			sourceTree = "<group>";
		};
		33416B982B9F703300CCF98C /* MemoryMatchGame */ = {
			isa = PBXGroup;
			children = (
				33A35DE42BA9F623003289CB /* Info.plist */,
				33416B992B9F703300CCF98C /* MemoryMatchGameApp.swift */,
				33416B9B2B9F703300CCF98C /* ContentView.swift */,
				333B45002BA0A55900CBB203 /* StartView.swift */,
				33F57F2D2BA205C1000FEB3C /* FinishView.swift */,
				33A35DDC2BA9F5CB003289CB /* Assistant-VariableFont_wght.ttf */,
				33A35DDF2BA9F5DA003289CB /* Assistant-Bold.ttf */,
				33A35DDE2BA9F5D9003289CB /* Assistant-ExtraBold.ttf */,
				33A35DE02BA9F5DA003289CB /* Assistant-ExtraLight.ttf */,
				33A35DE22BA9F5DA003289CB /* Assistant-Light.ttf */,
				33A35DE32BA9F5DA003289CB /* Assistant-Medium.ttf */,
				33A35DDD2BA9F5D9003289CB /* Assistant-Regular.ttf */,
				33A35DE12BA9F5DA003289CB /* Assistant-SemiBold.ttf */,
				33F57F2F2BA20696000FEB3C /* EmojiCard.swift */,
				33416B9D2B9F703500CCF98C /* Assets.xcassets */,
				33416B9F2B9F703500CCF98C /* Preview Content */,
			);
			path = MemoryMatchGame;
			sourceTree = "<group>";
		};
		33416B9F2B9F703500CCF98C /* Preview Content */ = {
			isa = PBXGroup;
			children = (
				33416BA02B9F703500CCF98C /* Preview Assets.xcassets */,
			);
			path = "Preview Content";
			sourceTree = "<group>";
		};
/* End PBXGroup section */

/* Begin PBXNativeTarget section */
		33416B952B9F703300CCF98C /* MemoryMatchGame */ = {
			isa = PBXNativeTarget;
			buildConfigurationList = 33416BA42B9F703500CCF98C /* Build configuration list for PBXNativeTarget "MemoryMatchGame" */;
			buildPhases = (
				33416B922B9F703300CCF98C /* Sources */,
				33416B932B9F703300CCF98C /* Frameworks */,
				33416B942B9F703300CCF98C /* Resources */,
			);
			buildRules = (
			);
			dependencies = (
			);
			name = MemoryMatchGame;
			productName = MemoryMatchGame;
			productReference = 33416B962B9F703300CCF98C /* MemoryMatchGame.app */;
			productType = "com.apple.product-type.application";
		};
/* End PBXNativeTarget section */

/* Begin PBXProject section */
		33416B8E2B9F703300CCF98C /* Project object */ = {
			isa = PBXProject;
			attributes = {
				BuildIndependentTargetsInParallel = 1;
				LastSwiftUpdateCheck = 1510;
				LastUpgradeCheck = 1510;
				TargetAttributes = {
					33416B952B9F703300CCF98C = {
						CreatedOnToolsVersion = 15.1;
					};
				};
			};
			buildConfigurationList = 33416B912B9F703300CCF98C /* Build configuration list for PBXProject "MemoryMatchGame" */;
			compatibilityVersion = "Xcode 14.0";
			developmentRegion = en;
			hasScannedForEncodings = 0;
			knownRegions = (
				en,
				Base,
			);
			mainGroup = 33416B8D2B9F703300CCF98C;
			productRefGroup = 33416B972B9F703300CCF98C /* Products */;
			projectDirPath = "";
			projectRoot = "";
			targets = (
				33416B952B9F703300CCF98C /* MemoryMatchGame */,
			);
		};
/* End PBXProject section */

/* Begin PBXResourcesBuildPhase section */
		33416B942B9F703300CCF98C /* Resources */ = {
			isa = PBXResourcesBuildPhase;
			buildActionMask = 2147483647;
			files = (
				33416BA12B9F703500CCF98C /* Preview Assets.xcassets in Resources */,
				33416B9E2B9F703500CCF98C /* Assets.xcassets in Resources */,
			);
			runOnlyForDeploymentPostprocessing = 0;
		};
/* End PBXResourcesBuildPhase section */

/* Begin PBXSourcesBuildPhase section */
		33416B922B9F703300CCF98C /* Sources */ = {
			isa = PBXSourcesBuildPhase;
			buildActionMask = 2147483647;
			files = (
				333B45012BA0A55900CBB203 /* StartView.swift in Sources */,
				33416B9C2B9F703300CCF98C /* ContentView.swift in Sources */,
				33416B9A2B9F703300CCF98C /* MemoryMatchGameApp.swift in Sources */,
				33F57F2E2BA205C1000FEB3C /* FinishView.swift in Sources */,
				33F57F302BA20696000FEB3C /* EmojiCard.swift in Sources */,
			);
			runOnlyForDeploymentPostprocessing = 0;
		};
/* End PBXSourcesBuildPhase section */

/* Begin XCBuildConfiguration section */
		33416BA22B9F703500CCF98C /* Debug */ = {
			isa = XCBuildConfiguration;
			buildSettings = {
				ALWAYS_SEARCH_USER_PATHS = NO;
				ASSETCATALOG_COMPILER_GENERATE_SWIFT_ASSET_SYMBOL_EXTENSIONS = YES;
				CLANG_ANALYZER_NONNULL = YES;
				CLANG_ANALYZER_NUMBER_OBJECT_CONVERSION = YES_AGGRESSIVE;
				CLANG_CXX_LANGUAGE_STANDARD = "gnu++20";
				CLANG_ENABLE_MODULES = YES;
				CLANG_ENABLE_OBJC_ARC = YES;
				CLANG_ENABLE_OBJC_WEAK = YES;
				CLANG_WARN_BLOCK_CAPTURE_AUTORELEASING = YES;
				CLANG_WARN_BOOL_CONVERSION = YES;
				CLANG_WARN_COMMA = YES;
				CLANG_WARN_CONSTANT_CONVERSION = YES;
				CLANG_WARN_DEPRECATED_OBJC_IMPLEMENTATIONS = YES;
				CLANG_WARN_DIRECT_OBJC_ISA_USAGE = YES_ERROR;
				CLANG_WARN_DOCUMENTATION_COMMENTS = YES;
				CLANG_WARN_EMPTY_BODY = YES;
				CLANG_WARN_ENUM_CONVERSION = YES;
				CLANG_WARN_INFINITE_RECURSION = YES;
				CLANG_WARN_INT_CONVERSION = YES;
				CLANG_WARN_NON_LITERAL_NULL_CONVERSION = YES;
				CLANG_WARN_OBJC_IMPLICIT_RETAIN_SELF = YES;
				CLANG_WARN_OBJC_LITERAL_CONVERSION = YES;
				CLANG_WARN_OBJC_ROOT_CLASS = YES_ERROR;
				CLANG_WARN_QUOTED_INCLUDE_IN_FRAMEWORK_HEADER = YES;
				CLANG_WARN_RANGE_LOOP_ANALYSIS = YES;
				CLANG_WARN_STRICT_PROTOTYPES = YES;
				CLANG_WARN_SUSPICIOUS_MOVE = YES;
				CLANG_WARN_UNGUARDED_AVAILABILITY = YES_AGGRESSIVE;
				CLANG_WARN_UNREACHABLE_CODE = YES;
				CLANG_WARN__DUPLICATE_METHOD_MATCH = YES;
				COPY_PHASE_STRIP = NO;
				DEBUG_INFORMATION_FORMAT = dwarf;
				ENABLE_STRICT_OBJC_MSGSEND = YES;
				ENABLE_TESTABILITY = YES;
				ENABLE_USER_SCRIPT_SANDBOXING = YES;
				GCC_C_LANGUAGE_STANDARD = gnu17;
				GCC_DYNAMIC_NO_PIC = NO;
				GCC_NO_COMMON_BLOCKS = YES;
				GCC_OPTIMIZATION_LEVEL = 0;
				GCC_PREPROCESSOR_DEFINITIONS = (
					"DEBUG=1",
					"$(inherited)",
				);
				GCC_WARN_64_TO_32_BIT_CONVERSION = YES;
				GCC_WARN_ABOUT_RETURN_TYPE = YES_ERROR;
				GCC_WARN_UNDECLARED_SELECTOR = YES;
				GCC_WARN_UNINITIALIZED_AUTOS = YES_AGGRESSIVE;
				GCC_WARN_UNUSED_FUNCTION = YES;
				GCC_WARN_UNUSED_VARIABLE = YES;
				IPHONEOS_DEPLOYMENT_TARGET = 17.2;
				LOCALIZATION_PREFERS_STRING_CATALOGS = YES;
				MTL_ENABLE_DEBUG_INFO = INCLUDE_SOURCE;
				MTL_FAST_MATH = YES;
				ONLY_ACTIVE_ARCH = YES;
				SDKROOT = iphoneos;
				SWIFT_ACTIVE_COMPILATION_CONDITIONS = "DEBUG $(inherited)";
				SWIFT_OPTIMIZATION_LEVEL = "-Onone";
			};
			name = Debug;
		};
		33416BA32B9F703500CCF98C /* Release */ = {
			isa = XCBuildConfiguration;
			buildSettings = {
				ALWAYS_SEARCH_USER_PATHS = NO;
				ASSETCATALOG_COMPILER_GENERATE_SWIFT_ASSET_SYMBOL_EXTENSIONS = YES;
				CLANG_ANALYZER_NONNULL = YES;
				CLANG_ANALYZER_NUMBER_OBJECT_CONVERSION = YES_AGGRESSIVE;
				CLANG_CXX_LANGUAGE_STANDARD = "gnu++20";
				CLANG_ENABLE_MODULES = YES;
				CLANG_ENABLE_OBJC_ARC = YES;
				CLANG_ENABLE_OBJC_WEAK = YES;
				CLANG_WARN_BLOCK_CAPTURE_AUTORELEASING = YES;
				CLANG_WARN_BOOL_CONVERSION = YES;
				CLANG_WARN_COMMA = YES;
				CLANG_WARN_CONSTANT_CONVERSION = YES;
				CLANG_WARN_DEPRECATED_OBJC_IMPLEMENTATIONS = YES;
				CLANG_WARN_DIRECT_OBJC_ISA_USAGE = YES_ERROR;
				CLANG_WARN_DOCUMENTATION_COMMENTS = YES;
				CLANG_WARN_EMPTY_BODY = YES;
				CLANG_WARN_ENUM_CONVERSION = YES;
				CLANG_WARN_INFINITE_RECURSION = YES;
				CLANG_WARN_INT_CONVERSION = YES;
				CLANG_WARN_NON_LITERAL_NULL_CONVERSION = YES;
				CLANG_WARN_OBJC_IMPLICIT_RETAIN_SELF = YES;
				CLANG_WARN_OBJC_LITERAL_CONVERSION = YES;
				CLANG_WARN_OBJC_ROOT_CLASS = YES_ERROR;
				CLANG_WARN_QUOTED_INCLUDE_IN_FRAMEWORK_HEADER = YES;
				CLANG_WARN_RANGE_LOOP_ANALYSIS = YES;
				CLANG_WARN_STRICT_PROTOTYPES = YES;
				CLANG_WARN_SUSPICIOUS_MOVE = YES;
				CLANG_WARN_UNGUARDED_AVAILABILITY = YES_AGGRESSIVE;
				CLANG_WARN_UNREACHABLE_CODE = YES;
				CLANG_WARN__DUPLICATE_METHOD_MATCH = YES;
				COPY_PHASE_STRIP = NO;
				DEBUG_INFORMATION_FORMAT = "dwarf-with-dsym";
				ENABLE_NS_ASSERTIONS = NO;
				ENABLE_STRICT_OBJC_MSGSEND = YES;
				ENABLE_USER_SCRIPT_SANDBOXING = YES;
				GCC_C_LANGUAGE_STANDARD = gnu17;
				GCC_NO_COMMON_BLOCKS = YES;
				GCC_WARN_64_TO_32_BIT_CONVERSION = YES;
				GCC_WARN_ABOUT_RETURN_TYPE = YES_ERROR;
				GCC_WARN_UNDECLARED_SELECTOR = YES;
				GCC_WARN_UNINITIALIZED_AUTOS = YES_AGGRESSIVE;
				GCC_WARN_UNUSED_FUNCTION = YES;
				GCC_WARN_UNUSED_VARIABLE = YES;
				IPHONEOS_DEPLOYMENT_TARGET = 17.2;
				LOCALIZATION_PREFERS_STRING_CATALOGS = YES;
				MTL_ENABLE_DEBUG_INFO = NO;
				MTL_FAST_MATH = YES;
				SDKROOT = iphoneos;
				SWIFT_COMPILATION_MODE = wholemodule;
				VALIDATE_PRODUCT = YES;
			};
			name = Release;
		};
		33416BA52B9F703500CCF98C /* Debug */ = {
			isa = XCBuildConfiguration;
			buildSettings = {
				ASSETCATALOG_COMPILER_APPICON_NAME = AppIcon;
				ASSETCATALOG_COMPILER_GLOBAL_ACCENT_COLOR_NAME = AccentColor;
				CODE_SIGN_STYLE = Automatic;
				CURRENT_PROJECT_VERSION = 1;
				DEVELOPMENT_ASSET_PATHS = "\"MemoryMatchGame/Preview Content\"";
				ENABLE_PREVIEWS = YES;
				GENERATE_INFOPLIST_FILE = YES;
				INFOPLIST_FILE = MemoryMatchGame/Info.plist;
				INFOPLIST_KEY_UIApplicationSceneManifest_Generation = YES;
				INFOPLIST_KEY_UIApplicationSupportsIndirectInputEvents = YES;
				INFOPLIST_KEY_UILaunchScreen_Generation = YES;
				INFOPLIST_KEY_UISupportedInterfaceOrientations_iPad = "UIInterfaceOrientationPortrait UIInterfaceOrientationPortraitUpsideDown UIInterfaceOrientationLandscapeLeft UIInterfaceOrientationLandscapeRight";
				INFOPLIST_KEY_UISupportedInterfaceOrientations_iPhone = "UIInterfaceOrientationPortrait UIInterfaceOrientationLandscapeLeft UIInterfaceOrientationLandscapeRight";
				LD_RUNPATH_SEARCH_PATHS = (
					"$(inherited)",
					"@executable_path/Frameworks",
				);
				MARKETING_VERSION = 1.0;
				PRODUCT_BUNDLE_IDENTIFIER = svcte.MemoryMatchGame;
				PRODUCT_NAME = "$(TARGET_NAME)";
				SWIFT_EMIT_LOC_STRINGS = YES;
				SWIFT_VERSION = 5.0;
				TARGETED_DEVICE_FAMILY = "1,2";
			};
			name = Debug;
		};
		33416BA62B9F703500CCF98C /* Release */ = {
			isa = XCBuildConfiguration;
			buildSettings = {
				ASSETCATALOG_COMPILER_APPICON_NAME = AppIcon;
				ASSETCATALOG_COMPILER_GLOBAL_ACCENT_COLOR_NAME = AccentColor;
				CODE_SIGN_STYLE = Automatic;
				CURRENT_PROJECT_VERSION = 1;
				DEVELOPMENT_ASSET_PATHS = "\"MemoryMatchGame/Preview Content\"";
				ENABLE_PREVIEWS = YES;
				GENERATE_INFOPLIST_FILE = YES;
				INFOPLIST_FILE = MemoryMatchGame/Info.plist;
				INFOPLIST_KEY_UIApplicationSceneManifest_Generation = YES;
				INFOPLIST_KEY_UIApplicationSupportsIndirectInputEvents = YES;
				INFOPLIST_KEY_UILaunchScreen_Generation = YES;
				INFOPLIST_KEY_UISupportedInterfaceOrientations_iPad = "UIInterfaceOrientationPortrait UIInterfaceOrientationPortraitUpsideDown UIInterfaceOrientationLandscapeLeft UIInterfaceOrientationLandscapeRight";
				INFOPLIST_KEY_UISupportedInterfaceOrientations_iPhone = "UIInterfaceOrientationPortrait UIInterfaceOrientationLandscapeLeft UIInterfaceOrientationLandscapeRight";
				LD_RUNPATH_SEARCH_PATHS = (
					"$(inherited)",
					"@executable_path/Frameworks",
				);
				MARKETING_VERSION = 1.0;
				PRODUCT_BUNDLE_IDENTIFIER = svcte.MemoryMatchGame;
				PRODUCT_NAME = "$(TARGET_NAME)";
				SWIFT_EMIT_LOC_STRINGS = YES;
				SWIFT_VERSION = 5.0;
				TARGETED_DEVICE_FAMILY = "1,2";
			};
			name = Release;
		};
/* End XCBuildConfiguration section */

/* Begin XCConfigurationList section */
		33416B912B9F703300CCF98C /* Build configuration list for PBXProject "MemoryMatchGame" */ = {
			isa = XCConfigurationList;
			buildConfigurations = (
				33416BA22B9F703500CCF98C /* Debug */,
				33416BA32B9F703500CCF98C /* Release */,
			);
			defaultConfigurationIsVisible = 0;
			defaultConfigurationName = Release;
		};
		33416BA42B9F703500CCF98C /* Build configuration list for PBXNativeTarget "MemoryMatchGame" */ = {
			isa = XCConfigurationList;
			buildConfigurations = (
				33416BA52B9F703500CCF98C /* Debug */,
				33416BA62B9F703500CCF98C /* Release */,
			);
			defaultConfigurationIsVisible = 0;
			defaultConfigurationName = Release;
		};
/* End XCConfigurationList section */
	};
	rootObject = 33416B8E2B9F703300CCF98C /* Project object */;
}
